
Microsoft Visual Studio Solution File, Format Version 12.00
# Visual Studio Version 17
VisualStudioVersion = 17.4.33205.214
MinimumVisualStudioVersion = 10.0.40219.1
Project("{FAE04EC0-301F-11D3-BF4B-00C04F79EFBC}") = "GenericBlazorComponentDemo", "GenericBlazorComponentDemo\GenericBlazorComponentDemo.csproj", "{3C139CDA-8F1A-4E4D-B802-E18C4BB8E6AD}"
EndProject
Global
	GlobalSection(SolutionConfigurationPlatforms) = preSolution
		Debug|Any CPU = Debug|Any CPU
		Release|Any CPU = Release|Any CPU
	EndGlobalSection
	GlobalSection(ProjectConfigurationPlatforms) = postSolution
		{3C139CDA-8F1A-4E4D-B802-E18C4BB8E6AD}.Debug|Any CPU.ActiveCfg = Debug|Any CPU
		{3C139CDA-8F1A-4E4D-B802-E18C4BB8E6AD}.Debug|Any CPU.Build.0 = Debug|Any CPU
		{3C139CDA-8F1A-4E4D-B802-E18C4BB8E6AD}.Release|Any CPU.ActiveCfg = Release|Any CPU
		{3C139CDA-8F1A-4E4D-B802-E18C4BB8E6AD}.Release|Any CPU.Build.0 = Release|Any CPU
	EndGlobalSection
	GlobalSection(SolutionProperties) = preSolution
		HideSolutionNode = FALSE
	EndGlobalSection
	GlobalSection(ExtensibilityGlobals) = postSolution
		SolutionGuid = {8F72A85C-DB23-406D-BB22-5D12AE483C82}
	EndGlobalSection
EndGlobal
